{
    "_meta": {
        "hash": {
            "sha256": "8fe2d904af67c6252e93c4d2de1bc3106cf1ab067d7f63384187c432d27b27e1"
        },
        "pipfile-spec": 6,
        "requires": {
            "python_version": "3.6"
        },
        "sources": [
            {
                "name": "pypi",
                "url": "https://pypi.python.org/simple",
                "verify_ssl": true
            }
        ]
    },
    "default": {},
    "develop": {
        "wheel": {
            "hashes": [
                "sha256:9515fe0a94e823fd90b08d22de45d7bde57c90edce705b22f5e1ecf7e1b653c8",
                "sha256:e721e53864f084f956f40f96124a74da0631ac13fbbd1ba99e8e2b5e9cafdf64"
            ],
            "version": "==0.30.0"
        }
    }
}
